// !$*UTF8*$!
{
	archiveVersion = 1;
	classes = {
	};
	objectVersion = 46;
	objects = {

/* Begin PBXBuildFile section */
		DE96F9A71BD9B3D100DEEC34 /* AppDelegate.swift in Sources */ = {isa = PBXBuildFile; fileRef = DE96F9A61BD9B3D100DEEC34 /* AppDelegate.swift */; };
		DE96F9A91BD9B3D100DEEC34 /* ViewController.swift in Sources */ = {isa = PBXBuildFile; fileRef = DE96F9A81BD9B3D100DEEC34 /* ViewController.swift */; };
		DE96F9AC1BD9B3D100DEEC34 /* Main.storyboard in Resources */ = {isa = PBXBuildFile; fileRef = DE96F9AA1BD9B3D100DEEC34 /* Main.storyboard */; };
		DE96F9AF1BD9B3D100DEEC34 /* swipes_and_shakes.xcdatamodeld in Sources */ = {isa = PBXBuildFile; fileRef = DE96F9AD1BD9B3D100DEEC34 /* swipes_and_shakes.xcdatamodeld */; };
		DE96F9B11BD9B3D100DEEC34 /* Assets.xcassets in Resources */ = {isa = PBXBuildFile; fileRef = DE96F9B01BD9B3D100DEEC34 /* Assets.xcassets */; };
		DE96F9B41BD9B3D100DEEC34 /* LaunchScreen.storyboard in Resources */ = {isa = PBXBuildFile; fileRef = DE96F9B21BD9B3D100DEEC34 /* LaunchScreen.storyboard */; };
/* End PBXBuildFile section */

/* Begin PBXFileReference section */
		DE96F9A31BD9B3D100DEEC34 /* swipes-and-shakes.app */ = {isa = PBXFileReference; explicitFileType = wrapper.application; includeInIndex = 0; path = "swipes-and-shakes.app"; sourceTree = BUILT_PRODUCTS_DIR; };
		DE96F9A61BD9B3D100DEEC34 /* AppDelegate.swift */ = {isa = PBXFileReference; lastKnownFileType = sourcecode.swift; path = AppDelegate.swift; sourceTree = "<group>"; };
		DE96F9A81BD9B3D100DEEC34 /* ViewController.swift */ = {isa = PBXFileReference; lastKnownFileType = sourcecode.swift; path = ViewController.swift; sourceTree = "<group>"; };
		DE96F9AB1BD9B3D100DEEC34 /* Base */ = {isa = PBXFileReference; lastKnownFileType = file.storyboard; name = Base; path = Base.lproj/Main.storyboard; sourceTree = "<group>"; };
		DE96F9AE1BD9B3D100DEEC34 /* swipes_and_shakes.xcdatamodel */ = {isa = PBXFileReference; lastKnownFileType = wrapper.xcdatamodel; path = swipes_and_shakes.xcdatamodel; sourceTree = "<group>"; };
		DE96F9B01BD9B3D100DEEC34 /* Assets.xcassets */ = {isa = PBXFileReference; lastKnownFileType = folder.assetcatalog; path = Assets.xcassets; sourceTree = "<group>"; };
		DE96F9B31BD9B3D100DEEC34 /* Base */ = {isa = PBXFileReference; lastKnownFileType = file.storyboard; name = Base; path = Base.lproj/LaunchScreen.storyboard; sourceTree = "<group>"; };
		DE96F9B51BD9B3D100DEEC34 /* Info.plist */ = {isa = PBXFileReference; lastKnownFileType = text.plist.xml; path = Info.plist; sourceTree = "<group>"; };
/* End PBXFileReference section */

/* Begin PBXFrameworksBuildPhase section */
		DE96F9A01BD9B3D100DEEC34 /* Frameworks */ = {
			isa = PBXFrameworksBuildPhase;
			buildActionMask = 2147483647;
			files = (
			);
			runOnlyForDeploymentPostprocessing = 0;
		};
/* End PBXFrameworksBuildPhase section */

/* Begin PBXGroup section */
		DE96F99A1BD9B3D100DEEC34 = {
			isa = PBXGroup;
			children = (
				DE96F9A51BD9B3D100DEEC34 /* swipes-and-shakes */,
				DE96F9A41BD9B3D100DEEC34 /* Products */,
			);
			sourceTree = "<group>";
		};
		DE96F9A41BD9B3D100DEEC34 /* Products */ = {
			isa = PBXGroup;
			children = (
				DE96F9A31BD9B3D100DEEC34 /* swipes-and-shakes.app */,
			);
			name = Products;
			sourceTree = "<group>";
		};
		DE96F9A51BD9B3D100DEEC34 /* swipes-and-shakes */ = {
			isa = PBXGroup;
			children = (
				DE96F9A61BD9B3D100DEEC34 /* AppDelegate.swift */,
				DE96F9A81BD9B3D100DEEC34 /* ViewController.swift */,
				DE96F9AA1BD9B3D100DEEC34 /* Main.storyboard */,
				DE96F9B01BD9B3D100DEEC34 /* Assets.xcassets */,
				DE96F9B21BD9B3D100DEEC34 /* LaunchScreen.storyboard */,
				DE96F9B51BD9B3D100DEEC34 /* Info.plist */,
				DE96F9AD1BD9B3D100DEEC34 /* swipes_and_shakes.xcdatamodeld */,
			);
			path = "swipes-and-shakes";
			sourceTree = "<group>";
		};
/* End PBXGroup section */

/* Begin PBXNativeTarget section */
		DE96F9A21BD9B3D100DEEC34 /* swipes-and-shakes */ = {
			isa = PBXNativeTarget;
			buildConfigurationList = DE96F9B81BD9B3D100DEEC34 /* Build configuration list for PBXNativeTarget "swipes-and-shakes" */;
			buildPhases = (
				DE96F99F1BD9B3D100DEEC34 /* Sources */,
				DE96F9A01BD9B3D100DEEC34 /* Frameworks */,
				DE96F9A11BD9B3D100DEEC34 /* Resources */,
			);
			buildRules = (
			);
			dependencies = (
			);
			name = "swipes-and-shakes";
			productName = "swipes-and-shakes";
			productReference = DE96F9A31BD9B3D100DEEC34 /* swipes-and-shakes.app */;
			productType = "com.apple.product-type.application";
		};
/* End PBXNativeTarget section */

/* Begin PBXProject section */
		DE96F99B1BD9B3D100DEEC34 /* Project object */ = {
			isa = PBXProject;
			attributes = {
				LastSwiftUpdateCheck = 0710;
				LastUpgradeCheck = 0710;
				ORGANIZATIONNAME = HashRocket;
				TargetAttributes = {
					DE96F9A21BD9B3D100DEEC34 = {
						CreatedOnToolsVersion = 7.1;
					};
				};
			};
			buildConfigurationList = DE96F99E1BD9B3D100DEEC34 /* Build configuration list for PBXProject "swipes-and-shakes" */;
			compatibilityVersion = "Xcode 3.2";
			developmentRegion = English;
			hasScannedForEncodings = 0;
			knownRegions = (
				en,
				Base,
			);
			mainGroup = DE96F99A1BD9B3D100DEEC34;
			productRefGroup = DE96F9A41BD9B3D100DEEC34 /* Products */;
			projectDirPath = "";
			projectRoot = "";
			targets = (
				DE96F9A21BD9B3D100DEEC34 /* swipes-and-shakes */,
			);
		};
/* End PBXProject section */

/* Begin PBXResourcesBuildPhase section */
		DE96F9A11BD9B3D100DEEC34 /* Resources */ = {
			isa = PBXResourcesBuildPhase;
			buildActionMask = 2147483647;
			files = (
				DE96F9B41BD9B3D100DEEC34 /* LaunchScreen.storyboard in Resources */,
				DE96F9B11BD9B3D100DEEC34 /* Assets.xcassets in Resources */,
				DE96F9AC1BD9B3D100DEEC34 /* Main.storyboard in Resources */,
			);
			runOnlyForDeploymentPostprocessing = 0;
		};
/* End PBXResourcesBuildPhase section */

/* Begin PBXSourcesBuildPhase section */
		DE96F99F1BD9B3D100DEEC34 /* Sources */ = {
			isa = PBXSourcesBuildPhase;
			buildActionMask = 2147483647;
			files = (
				DE96F9A91BD9B3D100DEEC34 /* ViewController.swift in Sources */,
				DE96F9A71BD9B3D100DEEC34 /* AppDelegate.swift in Sources */,
				DE96F9AF1BD9B3D100DEEC34 /* swipes_and_shakes.xcdatamodeld in Sources */,
			);
			runOnlyForDeploymentPostprocessing = 0;
		};
/* End PBXSourcesBuildPhase section */

/* Begin PBXVariantGroup section */
		DE96F9AA1BD9B3D100DEEC34 /* Main.storyboard */ = {
			isa = PBXVariantGroup;
			children = (
				DE96F9AB1BD9B3D100DEEC34 /* Base */,
			);
			name = Main.storyboard;
			sourceTree = "<group>";
		};
		DE96F9B21BD9B3D100DEEC34 /* LaunchScreen.storyboard */ = {
			isa = PBXVariantGroup;
			children = (
				DE96F9B31BD9B3D100DEEC34 /* Base */,
			);
			name = LaunchScreen.storyboard;
			sourceTree = "<group>";
		};
/* End PBXVariantGroup section */

/* Begin XCBuildConfiguration section */
		DE96F9B61BD9B3D100DEEC34 /* Debug */ = {
			isa = XCBuildConfiguration;
			buildSettings = {
				ALWAYS_SEARCH_USER_PATHS = NO;
				CLANG_CXX_LANGUAGE_STANDARD = "gnu++0x";
				CLANG_CXX_LIBRARY = "libc++";
				CLANG_ENABLE_MODULES = YES;
				CLANG_ENABLE_OBJC_ARC = YES;
				CLANG_WARN_BOOL_CONVERSION = YES;
				CLANG_WARN_CONSTANT_CONVERSION = YES;
				CLANG_WARN_DIRECT_OBJC_ISA_USAGE = YES_ERROR;
				CLANG_WARN_EMPTY_BODY = YES;
				CLANG_WARN_ENUM_CONVERSION = YES;
				CLANG_WARN_INT_CONVERSION = YES;
				CLANG_WARN_OBJC_ROOT_CLASS = YES_ERROR;
				CLANG_WARN_UNREACHABLE_CODE = YES;
				CLANG_WARN__DUPLICATE_METHOD_MATCH = YES;
				"CODE_SIGN_IDENTITY[sdk=iphoneos*]" = "iPhone Developer";
				COPY_PHASE_STRIP = NO;
				DEBUG_INFORMATION_FORMAT = dwarf;
				ENABLE_STRICT_OBJC_MSGSEND = YES;
				ENABLE_TESTABILITY = YES;
				GCC_C_LANGUAGE_STANDARD = gnu99;
				GCC_DYNAMIC_NO_PIC = NO;
				GCC_NO_COMMON_BLOCKS = YES;
				GCC_OPTIMIZATION_LEVEL = 0;
				GCC_PREPROCESSOR_DEFINITIONS = (
					"DEBUG=1",
					"$(inherited)",
				);
				GCC_WARN_64_TO_32_BIT_CONVERSION = YES;
				GCC_WARN_ABOUT_RETURN_TYPE = YES_ERROR;
				GCC_WARN_UNDECLARED_SELECTOR = YES;
				GCC_WARN_UNINITIALIZED_AUTOS = YES_AGGRESSIVE;
				GCC_WARN_UNUSED_FUNCTION = YES;
				GCC_WARN_UNUSED_VARIABLE = YES;
				IPHONEOS_DEPLOYMENT_TARGET = 9.1;
				MTL_ENABLE_DEBUG_INFO = YES;
				ONLY_ACTIVE_ARCH = YES;
				SDKROOT = iphoneos;
				SWIFT_OPTIMIZATION_LEVEL = "-Onone";
			};
			name = Debug;
		};
		DE96F9B71BD9B3D100DEEC34 /* Release */ = {
			isa = XCBuildConfiguration;
			buildSettings = {
				ALWAYS_SEARCH_USER_PATHS = NO;
				CLANG_CXX_LANGUAGE_STANDARD = "gnu++0x";
				CLANG_CXX_LIBRARY = "libc++";
				CLANG_ENABLE_MODULES = YES;
				CLANG_ENABLE_OBJC_ARC = YES;
				CLANG_WARN_BOOL_CONVERSION = YES;
				CLANG_WARN_CONSTANT_CONVERSION = YES;
				CLANG_WARN_DIRECT_OBJC_ISA_USAGE = YES_ERROR;
				CLANG_WARN_EMPTY_BODY = YES;
				CLANG_WARN_ENUM_CONVERSION = YES;
				CLANG_WARN_INT_CONVERSION = YES;
				CLANG_WARN_OBJC_ROOT_CLASS = YES_ERROR;
				CLANG_WARN_UNREACHABLE_CODE = YES;
				CLANG_WARN__DUPLICATE_METHOD_MATCH = YES;
				"CODE_SIGN_IDENTITY[sdk=iphoneos*]" = "iPhone Developer";
				COPY_PHASE_STRIP = NO;
				DEBUG_INFORMATION_FORMAT = "dwarf-with-dsym";
				ENABLE_NS_ASSERTIONS = NO;
				ENABLE_STRICT_OBJC_MSGSEND = YES;
				GCC_C_LANGUAGE_STANDARD = gnu99;
				GCC_NO_COMMON_BLOCKS = YES;
				GCC_WARN_64_TO_32_BIT_CONVERSION = YES;
				GCC_WARN_ABOUT_RETURN_TYPE = YES_ERROR;
				GCC_WARN_UNDECLARED_SELECTOR = YES;
				GCC_WARN_UNINITIALIZED_AUTOS = YES_AGGRESSIVE;
				GCC_WARN_UNUSED_FUNCTION = YES;
				GCC_WARN_UNUSED_VARIABLE = YES;
				IPHONEOS_DEPLOYMENT_TARGET = 9.1;
				MTL_ENABLE_DEBUG_INFO = NO;
				SDKROOT = iphoneos;
				VALIDATE_PRODUCT = YES;
			};
			name = Release;
		};
		DE96F9B91BD9B3D100DEEC34 /* Debug */ = {
			isa = XCBuildConfiguration;
			buildSettings = {
				ASSETCATALOG_COMPILER_APPICON_NAME = AppIcon;
				INFOPLIST_FILE = "swipes-and-shakes/Info.plist";
				LD_RUNPATH_SEARCH_PATHS = "$(inherited) @executable_path/Frameworks";
				PRODUCT_BUNDLE_IDENTIFIER = "Open-Sky-Media--LLC.swipes-and-shakes";
				PRODUCT_NAME = "$(TARGET_NAME)";
			};
			name = Debug;
		};
		DE96F9BA1BD9B3D100DEEC34 /* Release */ = {
			isa = XCBuildConfiguration;
			buildSettings = {
				ASSETCATALOG_COMPILER_APPICON_NAME = AppIcon;
				INFOPLIST_FILE = "swipes-and-shakes/Info.plist";
				LD_RUNPATH_SEARCH_PATHS = "$(inherited) @executable_path/Frameworks";
				PRODUCT_BUNDLE_IDENTIFIER = "Open-Sky-Media--LLC.swipes-and-shakes";
				PRODUCT_NAME = "$(TARGET_NAME)";
			};
			name = Release;
		};
/* End XCBuildConfiguration section */

/* Begin XCConfigurationList section */
		DE96F99E1BD9B3D100DEEC34 /* Build configuration list for PBXProject "swipes-and-shakes" */ = {
			isa = XCConfigurationList;
			buildConfigurations = (
				DE96F9B61BD9B3D100DEEC34 /* Debug */,
				DE96F9B71BD9B3D100DEEC34 /* Release */,
			);
			defaultConfigurationIsVisible = 0;
			defaultConfigurationName = Release;
		};
		DE96F9B81BD9B3D100DEEC34 /* Build configuration list for PBXNativeTarget "swipes-and-shakes" */ = {
			isa = XCConfigurationList;
			buildConfigurations = (
				DE96F9B91BD9B3D100DEEC34 /* Debug */,
				DE96F9BA1BD9B3D100DEEC34 /* Release */,
			);
			defaultConfigurationIsVisible = 0;
		};
/* End XCConfigurationList section */

/* Begin XCVersionGroup section */
		DE96F9AD1BD9B3D100DEEC34 /* swipes_and_shakes.xcdatamodeld */ = {
			isa = XCVersionGroup;
			children = (
				DE96F9AE1BD9B3D100DEEC34 /* swipes_and_shakes.xcdatamodel */,
			);
			currentVersion = DE96F9AE1BD9B3D100DEEC34 /* swipes_and_shakes.xcdatamodel */;
			path = swipes_and_shakes.xcdatamodeld;
			sourceTree = "<group>";
			versionGroupType = wrapper.xcdatamodel;
		};
/* End XCVersionGroup section */
	};
	rootObject = DE96F99B1BD9B3D100DEEC34 /* Project object */;
}
